// !$*UTF8*$!
{
	archiveVersion = 1;
	classes = {
	};
	objectVersion = 48;
	objects = {

/* Begin PBXBuildFile section */
		00629B5E2067EF5A00447340 /* TSKit_Validation.framework in Frameworks */ = {isa = PBXBuildFile; fileRef = 00270D7E20603CCB002C778D /* TSKit_Validation.framework */; };
		00629B692067EFB700447340 /* TSKit_ValidationTests.swift in Sources */ = {isa = PBXBuildFile; fileRef = 00629B652067EF6D00447340 /* TSKit_ValidationTests.swift */; };
		00629B6A2067F01500447340 /* TSKit_Core.framework in Frameworks */ = {isa = PBXBuildFile; fileRef = 00270D7720603B04002C778D /* TSKit_Core.framework */; };
		00F7E86C2067D6D500FC7CBE /* ClosureValidator.swift in Sources */ = {isa = PBXBuildFile; fileRef = 00C2C3F91FE3356900721731 /* ClosureValidator.swift */; };
		00F7E86D2067D6D500FC7CBE /* NilValidator.swift in Sources */ = {isa = PBXBuildFile; fileRef = 00C2C4081FE3356A00721731 /* NilValidator.swift */; };
		00F7E86E2067D6D500FC7CBE /* CompoundValidator.swift in Sources */ = {isa = PBXBuildFile; fileRef = 00C2C4041FE3356A00721731 /* CompoundValidator.swift */; };
		00F7E86F2067D6D500FC7CBE /* InvertedValidator.swift in Sources */ = {isa = PBXBuildFile; fileRef = 00C2C4061FE3356A00721731 /* InvertedValidator.swift */; };
		00F7E8702067D6D500FC7CBE /* ValueValidator.swift in Sources */ = {isa = PBXBuildFile; fileRef = 00C2C40A1FE3356B00721731 /* ValueValidator.swift */; };
		00F7E8712067D6D500FC7CBE /* LengthValidator.swift in Sources */ = {isa = PBXBuildFile; fileRef = 00C2C4051FE3356A00721731 /* LengthValidator.swift */; };
		00F7E8722067D6D500FC7CBE /* NonEmptyValidator.swift in Sources */ = {isa = PBXBuildFile; fileRef = 00C2C4021FE3356A00721731 /* NonEmptyValidator.swift */; };
		00F7E8732067D6D500FC7CBE /* PatternValidator.swift in Sources */ = {isa = PBXBuildFile; fileRef = 00C2C3FE1FE3356900721731 /* PatternValidator.swift */; };
		00F7E8742067D6D500FC7CBE /* EmailValidator.swift in Sources */ = {isa = PBXBuildFile; fileRef = 00C2C3FC1FE3356900721731 /* EmailValidator.swift */; };
		00F7E8752067D6D500FC7CBE /* LettersValidator.swift in Sources */ = {isa = PBXBuildFile; fileRef = 00C2C3FF1FE3356900721731 /* LettersValidator.swift */; };
		00F7E8762067D6D500FC7CBE /* NumbersValidator.swift in Sources */ = {isa = PBXBuildFile; fileRef = 00C2C3FA1FE3356900721731 /* NumbersValidator.swift */; };
		00F7E8772067D6D500FC7CBE /* UrlValidator.swift in Sources */ = {isa = PBXBuildFile; fileRef = 00C2C4001FE3356A00721731 /* UrlValidator.swift */; };
		00F7E8782067D6D500FC7CBE /* AnyValidator.swift in Sources */ = {isa = PBXBuildFile; fileRef = 00C2C4071FE3356A00721731 /* AnyValidator.swift */; };
		00F7E8792067D6D500FC7CBE /* ValidatableProperty.swift in Sources */ = {isa = PBXBuildFile; fileRef = 00C2C4011FE3356A00721731 /* ValidatableProperty.swift */; };
		00F7E87A2067D6D500FC7CBE /* AnyValidatableViewModel.swift in Sources */ = {isa = PBXBuildFile; fileRef = 00C2C4091FE3356A00721731 /* AnyValidatableViewModel.swift */; };
		00F7E87B2067D6D500FC7CBE /* Countable.swift in Sources */ = {isa = PBXBuildFile; fileRef = 00C2C3FB1FE3356900721731 /* Countable.swift */; };
		00F7E87C2067D6D500FC7CBE /* Validatable.swift in Sources */ = {isa = PBXBuildFile; fileRef = 00B6D0721FF14C4A0040D62F /* Validatable.swift */; };
		00F7E87F2067D97000FC7CBE /* TSKit_Core.framework in Frameworks */ = {isa = PBXBuildFile; fileRef = 00270D7720603B04002C778D /* TSKit_Core.framework */; };
/* End PBXBuildFile section */

/* Begin PBXContainerItemProxy section */
		00629B5F2067EF5A00447340 /* PBXContainerItemProxy */ = {
			isa = PBXContainerItemProxy;
			containerPortal = 00C2C3D31FE334CA00721731 /* Project object */;
			proxyType = 1;
			remoteGlobalIDString = 00270D7D20603CCB002C778D;
			remoteInfo = TSKit.Validation;
		};
/* End PBXContainerItemProxy section */

/* Begin PBXFileReference section */
		00270D7720603B04002C778D /* TSKit_Core.framework */ = {isa = PBXFileReference; lastKnownFileType = wrapper.framework; name = TSKit_Core.framework; path = Carthage/Build/iOS/TSKit_Core.framework; sourceTree = "<group>"; };
		00270D7E20603CCB002C778D /* TSKit_Validation.framework */ = {isa = PBXFileReference; explicitFileType = wrapper.framework; includeInIndex = 0; path = TSKit_Validation.framework; sourceTree = BUILT_PRODUCTS_DIR; };
		006182C3206046040079DD8C /* Cartfile */ = {isa = PBXFileReference; fileEncoding = 4; lastKnownFileType = text; path = Cartfile; sourceTree = SOURCE_ROOT; };
		00629B592067EF5A00447340 /* TSKit.ValidationTests.xctest */ = {isa = PBXFileReference; explicitFileType = wrapper.cfbundle; includeInIndex = 0; path = TSKit.ValidationTests.xctest; sourceTree = BUILT_PRODUCTS_DIR; };
		00629B652067EF6D00447340 /* TSKit_ValidationTests.swift */ = {isa = PBXFileReference; fileEncoding = 4; lastKnownFileType = sourcecode.swift; path = TSKit_ValidationTests.swift; sourceTree = "<group>"; };
		00629B662067EF6D00447340 /* Info.plist */ = {isa = PBXFileReference; fileEncoding = 4; lastKnownFileType = text.plist.xml; path = Info.plist; sourceTree = "<group>"; };
		00B6D0721FF14C4A0040D62F /* Validatable.swift */ = {isa = PBXFileReference; lastKnownFileType = sourcecode.swift; path = Validatable.swift; sourceTree = "<group>"; };
		00C2C3DF1FE334CA00721731 /* TSKit_Validation.h */ = {isa = PBXFileReference; lastKnownFileType = sourcecode.c.h; path = TSKit_Validation.h; sourceTree = "<group>"; };
		00C2C3E01FE334CA00721731 /* Info.plist */ = {isa = PBXFileReference; lastKnownFileType = text.plist.xml; path = Info.plist; sourceTree = "<group>"; };
		00C2C3F91FE3356900721731 /* ClosureValidator.swift */ = {isa = PBXFileReference; fileEncoding = 4; lastKnownFileType = sourcecode.swift; path = ClosureValidator.swift; sourceTree = "<group>"; };
		00C2C3FA1FE3356900721731 /* NumbersValidator.swift */ = {isa = PBXFileReference; fileEncoding = 4; lastKnownFileType = sourcecode.swift; path = NumbersValidator.swift; sourceTree = "<group>"; };
		00C2C3FB1FE3356900721731 /* Countable.swift */ = {isa = PBXFileReference; fileEncoding = 4; lastKnownFileType = sourcecode.swift; path = Countable.swift; sourceTree = "<group>"; };
		00C2C3FC1FE3356900721731 /* EmailValidator.swift */ = {isa = PBXFileReference; fileEncoding = 4; lastKnownFileType = sourcecode.swift; path = EmailValidator.swift; sourceTree = "<group>"; };
		00C2C3FE1FE3356900721731 /* PatternValidator.swift */ = {isa = PBXFileReference; fileEncoding = 4; lastKnownFileType = sourcecode.swift; path = PatternValidator.swift; sourceTree = "<group>"; };
		00C2C3FF1FE3356900721731 /* LettersValidator.swift */ = {isa = PBXFileReference; fileEncoding = 4; lastKnownFileType = sourcecode.swift; path = LettersValidator.swift; sourceTree = "<group>"; };
		00C2C4001FE3356A00721731 /* UrlValidator.swift */ = {isa = PBXFileReference; fileEncoding = 4; lastKnownFileType = sourcecode.swift; path = UrlValidator.swift; sourceTree = "<group>"; };
		00C2C4011FE3356A00721731 /* ValidatableProperty.swift */ = {isa = PBXFileReference; fileEncoding = 4; lastKnownFileType = sourcecode.swift; path = ValidatableProperty.swift; sourceTree = "<group>"; };
		00C2C4021FE3356A00721731 /* NonEmptyValidator.swift */ = {isa = PBXFileReference; fileEncoding = 4; lastKnownFileType = sourcecode.swift; path = NonEmptyValidator.swift; sourceTree = "<group>"; };
		00C2C4041FE3356A00721731 /* CompoundValidator.swift */ = {isa = PBXFileReference; fileEncoding = 4; lastKnownFileType = sourcecode.swift; path = CompoundValidator.swift; sourceTree = "<group>"; };
		00C2C4051FE3356A00721731 /* LengthValidator.swift */ = {isa = PBXFileReference; fileEncoding = 4; lastKnownFileType = sourcecode.swift; path = LengthValidator.swift; sourceTree = "<group>"; };
		00C2C4061FE3356A00721731 /* InvertedValidator.swift */ = {isa = PBXFileReference; fileEncoding = 4; lastKnownFileType = sourcecode.swift; path = InvertedValidator.swift; sourceTree = "<group>"; };
		00C2C4071FE3356A00721731 /* AnyValidator.swift */ = {isa = PBXFileReference; fileEncoding = 4; lastKnownFileType = sourcecode.swift; path = AnyValidator.swift; sourceTree = "<group>"; };
		00C2C4081FE3356A00721731 /* NilValidator.swift */ = {isa = PBXFileReference; fileEncoding = 4; lastKnownFileType = sourcecode.swift; path = NilValidator.swift; sourceTree = "<group>"; };
		00C2C4091FE3356A00721731 /* AnyValidatableViewModel.swift */ = {isa = PBXFileReference; fileEncoding = 4; lastKnownFileType = sourcecode.swift; path = AnyValidatableViewModel.swift; sourceTree = "<group>"; };
		00C2C40A1FE3356B00721731 /* ValueValidator.swift */ = {isa = PBXFileReference; fileEncoding = 4; lastKnownFileType = sourcecode.swift; path = ValueValidator.swift; sourceTree = "<group>"; };
/* End PBXFileReference section */

/* Begin PBXFrameworksBuildPhase section */
		00270D7A20603CCB002C778D /* Frameworks */ = {
			isa = PBXFrameworksBuildPhase;
			buildActionMask = 2147483647;
			files = (
				00F7E87F2067D97000FC7CBE /* TSKit_Core.framework in Frameworks */,
			);
			runOnlyForDeploymentPostprocessing = 0;
		};
		00629B562067EF5A00447340 /* Frameworks */ = {
			isa = PBXFrameworksBuildPhase;
			buildActionMask = 2147483647;
			files = (
				00629B6A2067F01500447340 /* TSKit_Core.framework in Frameworks */,
				00629B5E2067EF5A00447340 /* TSKit_Validation.framework in Frameworks */,
			);
			runOnlyForDeploymentPostprocessing = 0;
		};
/* End PBXFrameworksBuildPhase section */

/* Begin PBXGroup section */
		00629B642067EF6D00447340 /* TSKit.ValidationTests */ = {
			isa = PBXGroup;
			children = (
				00629B652067EF6D00447340 /* TSKit_ValidationTests.swift */,
				00629B662067EF6D00447340 /* Info.plist */,
			);
			path = TSKit.ValidationTests;
			sourceTree = "<group>";
		};
		00B6D0711FF145A00040D62F /* Default Validators */ = {
			isa = PBXGroup;
			children = (
				00C2C3F91FE3356900721731 /* ClosureValidator.swift */,
				00C2C4081FE3356A00721731 /* NilValidator.swift */,
				00C2C4041FE3356A00721731 /* CompoundValidator.swift */,
				00C2C4061FE3356A00721731 /* InvertedValidator.swift */,
				00C2C40A1FE3356B00721731 /* ValueValidator.swift */,
				00C2C4051FE3356A00721731 /* LengthValidator.swift */,
				00C2C4021FE3356A00721731 /* NonEmptyValidator.swift */,
				00C2C3FE1FE3356900721731 /* PatternValidator.swift */,
				00C2C3FC1FE3356900721731 /* EmailValidator.swift */,
				00C2C3FF1FE3356900721731 /* LettersValidator.swift */,
				00C2C3FA1FE3356900721731 /* NumbersValidator.swift */,
				00C2C4001FE3356A00721731 /* UrlValidator.swift */,
			);
			path = "Default Validators";
			sourceTree = "<group>";
		};
		00B6D0741FF15CA30040D62F /* Frameworks */ = {
			isa = PBXGroup;
			children = (
				00270D7720603B04002C778D /* TSKit_Core.framework */,
			);
			name = Frameworks;
			sourceTree = "<group>";
		};
		00C2C3D21FE334CA00721731 = {
			isa = PBXGroup;
			children = (
				00C2C3DE1FE334CA00721731 /* TSKit.Validation */,
				00629B642067EF6D00447340 /* TSKit.ValidationTests */,
				00C2C3DD1FE334CA00721731 /* Products */,
				00B6D0741FF15CA30040D62F /* Frameworks */,
			);
			sourceTree = "<group>";
		};
		00C2C3DD1FE334CA00721731 /* Products */ = {
			isa = PBXGroup;
			children = (
				00270D7E20603CCB002C778D /* TSKit_Validation.framework */,
				00629B592067EF5A00447340 /* TSKit.ValidationTests.xctest */,
			);
			name = Products;
			sourceTree = "<group>";
		};
		00C2C3DE1FE334CA00721731 /* TSKit.Validation */ = {
			isa = PBXGroup;
			children = (
				00C2C3F81FE3355100721731 /* Sources */,
				006182C3206046040079DD8C /* Cartfile */,
				00C2C3DF1FE334CA00721731 /* TSKit_Validation.h */,
				00C2C3E01FE334CA00721731 /* Info.plist */,
			);
			path = TSKit.Validation;
			sourceTree = "<group>";
		};
		00C2C3F81FE3355100721731 /* Sources */ = {
			isa = PBXGroup;
			children = (
				00B6D0711FF145A00040D62F /* Default Validators */,
				00C2C4071FE3356A00721731 /* AnyValidator.swift */,
				00C2C4011FE3356A00721731 /* ValidatableProperty.swift */,
				00C2C4091FE3356A00721731 /* AnyValidatableViewModel.swift */,
				00C2C3FB1FE3356900721731 /* Countable.swift */,
				00B6D0721FF14C4A0040D62F /* Validatable.swift */,
			);
			path = Sources;
			sourceTree = "<group>";
		};
/* End PBXGroup section */

/* Begin PBXHeadersBuildPhase section */
		00270D7B20603CCB002C778D /* Headers */ = {
			isa = PBXHeadersBuildPhase;
			buildActionMask = 2147483647;
			files = (
			);
			runOnlyForDeploymentPostprocessing = 0;
		};
/* End PBXHeadersBuildPhase section */

/* Begin PBXNativeTarget section */
		00270D7D20603CCB002C778D /* TSKit.Validation */ = {
			isa = PBXNativeTarget;
			buildConfigurationList = 00270D8320603CCB002C778D /* Build configuration list for PBXNativeTarget "TSKit.Validation" */;
			buildPhases = (
				00270D7920603CCB002C778D /* Sources */,
				00270D7A20603CCB002C778D /* Frameworks */,
				00270D7B20603CCB002C778D /* Headers */,
				00270D7C20603CCB002C778D /* Resources */,
			);
			buildRules = (
			);
			dependencies = (
			);
			name = TSKit.Validation;
			productName = TSKit.Validation;
			productReference = 00270D7E20603CCB002C778D /* TSKit_Validation.framework */;
			productType = "com.apple.product-type.framework";
		};
		00629B582067EF5A00447340 /* TSKit.ValidationTests */ = {
			isa = PBXNativeTarget;
			buildConfigurationList = 00629B612067EF5A00447340 /* Build configuration list for PBXNativeTarget "TSKit.ValidationTests" */;
			buildPhases = (
				00629B552067EF5A00447340 /* Sources */,
				00629B562067EF5A00447340 /* Frameworks */,
				00629B572067EF5A00447340 /* Resources */,
			);
			buildRules = (
			);
			dependencies = (
				00629B602067EF5A00447340 /* PBXTargetDependency */,
			);
			name = TSKit.ValidationTests;
			productName = TSKit.ValidationTests;
			productReference = 00629B592067EF5A00447340 /* TSKit.ValidationTests.xctest */;
			productType = "com.apple.product-type.bundle.unit-test";
		};
/* End PBXNativeTarget section */

/* Begin PBXProject section */
		00C2C3D31FE334CA00721731 /* Project object */ = {
			isa = PBXProject;
			attributes = {
				LastSwiftUpdateCheck = 0920;
				LastUpgradeCheck = 0920;
				ORGANIZATIONNAME = "Arkadiy Glushchevsky";
				TargetAttributes = {
					00270D7D20603CCB002C778D = {
						CreatedOnToolsVersion = 9.2;
						ProvisioningStyle = Automatic;
					};
					00629B582067EF5A00447340 = {
						CreatedOnToolsVersion = 9.2;
						ProvisioningStyle = Automatic;
					};
				};
			};
			buildConfigurationList = 00C2C3D61FE334CA00721731 /* Build configuration list for PBXProject "TSKit.Validation" */;
			compatibilityVersion = "Xcode 8.0";
			developmentRegion = en;
			hasScannedForEncodings = 0;
			knownRegions = (
				en,
			);
			mainGroup = 00C2C3D21FE334CA00721731;
			productRefGroup = 00C2C3DD1FE334CA00721731 /* Products */;
			projectDirPath = "";
			projectRoot = "";
			targets = (
				00270D7D20603CCB002C778D /* TSKit.Validation */,
				00629B582067EF5A00447340 /* TSKit.ValidationTests */,
			);
		};
/* End PBXProject section */

/* Begin PBXResourcesBuildPhase section */
		00270D7C20603CCB002C778D /* Resources */ = {
			isa = PBXResourcesBuildPhase;
			buildActionMask = 2147483647;
			files = (
			);
			runOnlyForDeploymentPostprocessing = 0;
		};
		00629B572067EF5A00447340 /* Resources */ = {
			isa = PBXResourcesBuildPhase;
			buildActionMask = 2147483647;
			files = (
			);
			runOnlyForDeploymentPostprocessing = 0;
		};
/* End PBXResourcesBuildPhase section */

/* Begin PBXSourcesBuildPhase section */
		00270D7920603CCB002C778D /* Sources */ = {
			isa = PBXSourcesBuildPhase;
			buildActionMask = 2147483647;
			files = (
				00F7E8752067D6D500FC7CBE /* LettersValidator.swift in Sources */,
				00F7E87C2067D6D500FC7CBE /* Validatable.swift in Sources */,
				00F7E8712067D6D500FC7CBE /* LengthValidator.swift in Sources */,
				00F7E8792067D6D500FC7CBE /* ValidatableProperty.swift in Sources */,
				00F7E87A2067D6D500FC7CBE /* AnyValidatableViewModel.swift in Sources */,
				00F7E8702067D6D500FC7CBE /* ValueValidator.swift in Sources */,
				00F7E8742067D6D500FC7CBE /* EmailValidator.swift in Sources */,
				00F7E86E2067D6D500FC7CBE /* CompoundValidator.swift in Sources */,
				00F7E87B2067D6D500FC7CBE /* Countable.swift in Sources */,
				00F7E8782067D6D500FC7CBE /* AnyValidator.swift in Sources */,
				00F7E86F2067D6D500FC7CBE /* InvertedValidator.swift in Sources */,
				00F7E8772067D6D500FC7CBE /* UrlValidator.swift in Sources */,
				00F7E8722067D6D500FC7CBE /* NonEmptyValidator.swift in Sources */,
				00F7E8732067D6D500FC7CBE /* PatternValidator.swift in Sources */,
				00F7E86D2067D6D500FC7CBE /* NilValidator.swift in Sources */,
				00F7E86C2067D6D500FC7CBE /* ClosureValidator.swift in Sources */,
				00F7E8762067D6D500FC7CBE /* NumbersValidator.swift in Sources */,
			);
			runOnlyForDeploymentPostprocessing = 0;
		};
		00629B552067EF5A00447340 /* Sources */ = {
			isa = PBXSourcesBuildPhase;
			buildActionMask = 2147483647;
			files = (
				00629B692067EFB700447340 /* TSKit_ValidationTests.swift in Sources */,
			);
			runOnlyForDeploymentPostprocessing = 0;
		};
/* End PBXSourcesBuildPhase section */

/* Begin PBXTargetDependency section */
		00629B602067EF5A00447340 /* PBXTargetDependency */ = {
			isa = PBXTargetDependency;
			target = 00270D7D20603CCB002C778D /* TSKit.Validation */;
			targetProxy = 00629B5F2067EF5A00447340 /* PBXContainerItemProxy */;
		};
/* End PBXTargetDependency section */

/* Begin XCBuildConfiguration section */
		00270D8420603CCB002C778D /* Debug */ = {
			isa = XCBuildConfiguration;
			buildSettings = {
				CODE_SIGN_IDENTITY = "";
				CODE_SIGN_STYLE = Automatic;
				DEFINES_MODULE = YES;
				DEVELOPMENT_TEAM = P2NBF8K2F9;
				DYLIB_COMPATIBILITY_VERSION = 1;
				DYLIB_CURRENT_VERSION = 1;
				DYLIB_INSTALL_NAME_BASE = "@rpath";
				FRAMEWORK_SEARCH_PATHS = "$(PROJECT_DIR)/Carthage/Build/iOS";
				INFOPLIST_FILE = TSKit.Validation/Info.plist;
				INSTALL_PATH = "$(LOCAL_LIBRARY_DIR)/Frameworks";
				IPHONEOS_DEPLOYMENT_TARGET = 8.0;
				LD_RUNPATH_SEARCH_PATHS = "$(inherited) @executable_path/Frameworks @loader_path/Frameworks";
				PRODUCT_BUNDLE_IDENTIFIER = com.glar.tskit.validation;
				PRODUCT_NAME = "$(TARGET_NAME:c99extidentifier)";
				SKIP_INSTALL = YES;
				SWIFT_VERSION = 4.0;
				TARGETED_DEVICE_FAMILY = "1,2";
			};
			name = Debug;
		};
		00270D8520603CCB002C778D /* Release */ = {
			isa = XCBuildConfiguration;
			buildSettings = {
				CODE_SIGN_IDENTITY = "";
				CODE_SIGN_STYLE = Automatic;
				DEFINES_MODULE = YES;
				DEVELOPMENT_TEAM = P2NBF8K2F9;
				DYLIB_COMPATIBILITY_VERSION = 1;
				DYLIB_CURRENT_VERSION = 1;
				DYLIB_INSTALL_NAME_BASE = "@rpath";
				FRAMEWORK_SEARCH_PATHS = "$(PROJECT_DIR)/Carthage/Build/iOS";
				INFOPLIST_FILE = TSKit.Validation/Info.plist;
				INSTALL_PATH = "$(LOCAL_LIBRARY_DIR)/Frameworks";
				IPHONEOS_DEPLOYMENT_TARGET = 8.0;
				LD_RUNPATH_SEARCH_PATHS = "$(inherited) @executable_path/Frameworks @loader_path/Frameworks";
				PRODUCT_BUNDLE_IDENTIFIER = com.glar.tskit.validation;
				PRODUCT_NAME = "$(TARGET_NAME:c99extidentifier)";
				SKIP_INSTALL = YES;
				SWIFT_VERSION = 4.0;
				TARGETED_DEVICE_FAMILY = "1,2";
			};
			name = Release;
		};
		00629B622067EF5A00447340 /* Debug */ = {
			isa = XCBuildConfiguration;
			buildSettings = {
				CODE_SIGN_STYLE = Automatic;
				DEVELOPMENT_TEAM = P2NBF8K2F9;
				FRAMEWORK_SEARCH_PATHS = "$(PROJECT_DIR)/Carthage/Build/iOS";
				INFOPLIST_FILE = TSKit.ValidationTests/Info.plist;
				LD_RUNPATH_SEARCH_PATHS = "$(inherited) @executable_path/Frameworks @loader_path/Frameworks $(PROJECT_DIR)/Carthage/Build/iOS";
				PRODUCT_BUNDLE_IDENTIFIER = "com.glar.TSKit-ValidationTests";
				PRODUCT_NAME = "$(TARGET_NAME)";
				SWIFT_VERSION = 4.0;
				TARGETED_DEVICE_FAMILY = "1,2";
			};
			name = Debug;
		};
		00629B632067EF5A00447340 /* Release */ = {
			isa = XCBuildConfiguration;
			buildSettings = {
				CODE_SIGN_STYLE = Automatic;
				DEVELOPMENT_TEAM = P2NBF8K2F9;
				FRAMEWORK_SEARCH_PATHS = "$(PROJECT_DIR)/Carthage/Build/iOS";
				INFOPLIST_FILE = TSKit.ValidationTests/Info.plist;
				LD_RUNPATH_SEARCH_PATHS = "$(inherited) @executable_path/Frameworks @loader_path/Frameworks $(PROJECT_DIR)/Carthage/Build/iOS";
				PRODUCT_BUNDLE_IDENTIFIER = "com.glar.TSKit-ValidationTests";
				PRODUCT_NAME = "$(TARGET_NAME)";
				SWIFT_VERSION = 4.0;
				TARGETED_DEVICE_FAMILY = "1,2";
			};
			name = Release;
		};
		00C2C3EE1FE334CA00721731 /* Debug */ = {
			isa = XCBuildConfiguration;
			buildSettings = {
				ALWAYS_SEARCH_USER_PATHS = NO;
				CLANG_ANALYZER_NONNULL = YES;
				CLANG_ANALYZER_NUMBER_OBJECT_CONVERSION = YES_AGGRESSIVE;
				CLANG_CXX_LANGUAGE_STANDARD = "gnu++14";
				CLANG_CXX_LIBRARY = "libc++";
				CLANG_ENABLE_MODULES = YES;
				CLANG_ENABLE_OBJC_ARC = YES;
				CLANG_WARN_BLOCK_CAPTURE_AUTORELEASING = YES;
				CLANG_WARN_BOOL_CONVERSION = YES;
				CLANG_WARN_COMMA = YES;
				CLANG_WARN_CONSTANT_CONVERSION = YES;
				CLANG_WARN_DIRECT_OBJC_ISA_USAGE = YES_ERROR;
				CLANG_WARN_DOCUMENTATION_COMMENTS = YES;
				CLANG_WARN_EMPTY_BODY = YES;
				CLANG_WARN_ENUM_CONVERSION = YES;
				CLANG_WARN_INFINITE_RECURSION = YES;
				CLANG_WARN_INT_CONVERSION = YES;
				CLANG_WARN_NON_LITERAL_NULL_CONVERSION = YES;
				CLANG_WARN_OBJC_LITERAL_CONVERSION = YES;
				CLANG_WARN_OBJC_ROOT_CLASS = YES_ERROR;
				CLANG_WARN_RANGE_LOOP_ANALYSIS = YES;
				CLANG_WARN_STRICT_PROTOTYPES = YES;
				CLANG_WARN_SUSPICIOUS_MOVE = YES;
				CLANG_WARN_UNGUARDED_AVAILABILITY = YES_AGGRESSIVE;
				CLANG_WARN_UNREACHABLE_CODE = YES;
				CLANG_WARN__DUPLICATE_METHOD_MATCH = YES;
				CODE_SIGN_IDENTITY = "iPhone Developer";
				COPY_PHASE_STRIP = NO;
				CURRENT_PROJECT_VERSION = 1;
				DEBUG_INFORMATION_FORMAT = dwarf;
				ENABLE_STRICT_OBJC_MSGSEND = YES;
				ENABLE_TESTABILITY = YES;
				GCC_C_LANGUAGE_STANDARD = gnu11;
				GCC_DYNAMIC_NO_PIC = NO;
				GCC_NO_COMMON_BLOCKS = YES;
				GCC_OPTIMIZATION_LEVEL = 0;
				GCC_PREPROCESSOR_DEFINITIONS = (
					"DEBUG=1",
					"$(inherited)",
				);
				GCC_WARN_64_TO_32_BIT_CONVERSION = YES;
				GCC_WARN_ABOUT_RETURN_TYPE = YES_ERROR;
				GCC_WARN_UNDECLARED_SELECTOR = YES;
				GCC_WARN_UNINITIALIZED_AUTOS = YES_AGGRESSIVE;
				GCC_WARN_UNUSED_FUNCTION = YES;
				GCC_WARN_UNUSED_VARIABLE = YES;
				IPHONEOS_DEPLOYMENT_TARGET = 11.2;
				MTL_ENABLE_DEBUG_INFO = YES;
				ONLY_ACTIVE_ARCH = YES;
				SDKROOT = iphoneos;
				SWIFT_ACTIVE_COMPILATION_CONDITIONS = DEBUG;
				SWIFT_OPTIMIZATION_LEVEL = "-Onone";
				VERSIONING_SYSTEM = "apple-generic";
				VERSION_INFO_PREFIX = "";
			};
			name = Debug;
		};
		00C2C3EF1FE334CA00721731 /* Release */ = {
			isa = XCBuildConfiguration;
			buildSettings = {
				ALWAYS_SEARCH_USER_PATHS = NO;
				CLANG_ANALYZER_NONNULL = YES;
				CLANG_ANALYZER_NUMBER_OBJECT_CONVERSION = YES_AGGRESSIVE;
				CLANG_CXX_LANGUAGE_STANDARD = "gnu++14";
				CLANG_CXX_LIBRARY = "libc++";
				CLANG_ENABLE_MODULES = YES;
				CLANG_ENABLE_OBJC_ARC = YES;
				CLANG_WARN_BLOCK_CAPTURE_AUTORELEASING = YES;
				CLANG_WARN_BOOL_CONVERSION = YES;
				CLANG_WARN_COMMA = YES;
				CLANG_WARN_CONSTANT_CONVERSION = YES;
				CLANG_WARN_DIRECT_OBJC_ISA_USAGE = YES_ERROR;
				CLANG_WARN_DOCUMENTATION_COMMENTS = YES;
				CLANG_WARN_EMPTY_BODY = YES;
				CLANG_WARN_ENUM_CONVERSION = YES;
				CLANG_WARN_INFINITE_RECURSION = YES;
				CLANG_WARN_INT_CONVERSION = YES;
				CLANG_WARN_NON_LITERAL_NULL_CONVERSION = YES;
				CLANG_WARN_OBJC_LITERAL_CONVERSION = YES;
				CLANG_WARN_OBJC_ROOT_CLASS = YES_ERROR;
				CLANG_WARN_RANGE_LOOP_ANALYSIS = YES;
				CLANG_WARN_STRICT_PROTOTYPES = YES;
				CLANG_WARN_SUSPICIOUS_MOVE = YES;
				CLANG_WARN_UNGUARDED_AVAILABILITY = YES_AGGRESSIVE;
				CLANG_WARN_UNREACHABLE_CODE = YES;
				CLANG_WARN__DUPLICATE_METHOD_MATCH = YES;
				CODE_SIGN_IDENTITY = "iPhone Developer";
				COPY_PHASE_STRIP = NO;
				CURRENT_PROJECT_VERSION = 1;
				DEBUG_INFORMATION_FORMAT = "dwarf-with-dsym";
				ENABLE_NS_ASSERTIONS = NO;
				ENABLE_STRICT_OBJC_MSGSEND = YES;
				GCC_C_LANGUAGE_STANDARD = gnu11;
				GCC_NO_COMMON_BLOCKS = YES;
				GCC_WARN_64_TO_32_BIT_CONVERSION = YES;
				GCC_WARN_ABOUT_RETURN_TYPE = YES_ERROR;
				GCC_WARN_UNDECLARED_SELECTOR = YES;
				GCC_WARN_UNINITIALIZED_AUTOS = YES_AGGRESSIVE;
				GCC_WARN_UNUSED_FUNCTION = YES;
				GCC_WARN_UNUSED_VARIABLE = YES;
				IPHONEOS_DEPLOYMENT_TARGET = 11.2;
				MTL_ENABLE_DEBUG_INFO = NO;
				SDKROOT = iphoneos;
				SWIFT_OPTIMIZATION_LEVEL = "-Owholemodule";
				VALIDATE_PRODUCT = YES;
				VERSIONING_SYSTEM = "apple-generic";
				VERSION_INFO_PREFIX = "";
			};
			name = Release;
		};
/* End XCBuildConfiguration section */

/* Begin XCConfigurationList section */
		00270D8320603CCB002C778D /* Build configuration list for PBXNativeTarget "TSKit.Validation" */ = {
			isa = XCConfigurationList;
			buildConfigurations = (
				00270D8420603CCB002C778D /* Debug */,
				00270D8520603CCB002C778D /* Release */,
			);
			defaultConfigurationIsVisible = 0;
			defaultConfigurationName = Release;
		};
		00629B612067EF5A00447340 /* Build configuration list for PBXNativeTarget "TSKit.ValidationTests" */ = {
			isa = XCConfigurationList;
			buildConfigurations = (
				00629B622067EF5A00447340 /* Debug */,
				00629B632067EF5A00447340 /* Release */,
			);
			defaultConfigurationIsVisible = 0;
			defaultConfigurationName = Release;
		};
		00C2C3D61FE334CA00721731 /* Build configuration list for PBXProject "TSKit.Validation" */ = {
			isa = XCConfigurationList;
			buildConfigurations = (
				00C2C3EE1FE334CA00721731 /* Debug */,
				00C2C3EF1FE334CA00721731 /* Release */,
			);
			defaultConfigurationIsVisible = 0;
			defaultConfigurationName = Release;
		};
/* End XCConfigurationList section */
	};
	rootObject = 00C2C3D31FE334CA00721731 /* Project object */;
}
